
Microsoft Visual Studio Solution File, Format Version 12.00
# Visual Studio Version 17
VisualStudioVersion = 17.12.35506.116
MinimumVisualStudioVersion = 10.0.40219.1
Project("{2150E333-8FDC-42A3-9474-1A3956D46DE8}") = "00 - Info", "00 - Info", "{4CE0871E-FC83-433F-8235-049D24689FC0}"
	ProjectSection(SolutionItems) = preProject
		.editorconfig = .editorconfig
		.gitignore = .gitignore
		README.md = README.md
	EndProjectSection
EndProject
Project("{2150E333-8FDC-42A3-9474-1A3956D46DE8}") = "01 - UI", "01 - UI", "{7E8872CF-1263-44FE-B4E4-C8B9B8BB490A}"
EndProject
Project("{FAE04EC0-301F-11D3-BF4B-00C04F79EFBC}") = "CCSV.Mines", "src\CCSV.Mines\CCSV.Mines.csproj", "{8E13D7B0-D441-4CDD-A52B-FD2A40755C43}"
EndProject
Project("{FAE04EC0-301F-11D3-BF4B-00C04F79EFBC}") = "CCSV.Games", "src\CCSV.Games\CCSV.Games.csproj", "{9D0A3D4E-99B0-4942-A0E6-54ED8E5415D9}"
EndProject
Project("{2150E333-8FDC-42A3-9474-1A3956D46DE8}") = "02 - Infraestructure", "02 - Infraestructure", "{2869BE08-F230-4AAB-AE33-6A9B19F6FBB9}"
EndProject
Project("{FAE04EC0-301F-11D3-BF4B-00C04F79EFBC}") = "CCSV.Games.Raylib", "src\CCSV.Games.Raylib\CCSV.Games.Raylib.csproj", "{2FB3ABB9-7626-4D8E-95C8-F1293218ADC7}"
EndProject
Project("{2150E333-8FDC-42A3-9474-1A3956D46DE8}") = "03 - Domain", "03 - Domain", "{9728CCE2-00AE-4C06-A5C0-75C52C0FEF6B}"
EndProject
Project("{FAE04EC0-301F-11D3-BF4B-00C04F79EFBC}") = "CCSV.Mines.Domain", "src\CCSV.Mines.Domain\CCSV.Mines.Domain.csproj", "{C3923D36-CAD1-4E52-99E0-BC551382C3FD}"
EndProject
Global
	GlobalSection(SolutionConfigurationPlatforms) = preSolution
		Debug|Any CPU = Debug|Any CPU
		Release|Any CPU = Release|Any CPU
	EndGlobalSection
	GlobalSection(ProjectConfigurationPlatforms) = postSolution
		{8E13D7B0-D441-4CDD-A52B-FD2A40755C43}.Debug|Any CPU.ActiveCfg = Debug|Any CPU
		{8E13D7B0-D441-4CDD-A52B-FD2A40755C43}.Debug|Any CPU.Build.0 = Debug|Any CPU
		{8E13D7B0-D441-4CDD-A52B-FD2A40755C43}.Release|Any CPU.ActiveCfg = Release|Any CPU
		{8E13D7B0-D441-4CDD-A52B-FD2A40755C43}.Release|Any CPU.Build.0 = Release|Any CPU
		{9D0A3D4E-99B0-4942-A0E6-54ED8E5415D9}.Debug|Any CPU.ActiveCfg = Debug|Any CPU
		{9D0A3D4E-99B0-4942-A0E6-54ED8E5415D9}.Debug|Any CPU.Build.0 = Debug|Any CPU
		{9D0A3D4E-99B0-4942-A0E6-54ED8E5415D9}.Release|Any CPU.ActiveCfg = Release|Any CPU
		{9D0A3D4E-99B0-4942-A0E6-54ED8E5415D9}.Release|Any CPU.Build.0 = Release|Any CPU
		{2FB3ABB9-7626-4D8E-95C8-F1293218ADC7}.Debug|Any CPU.ActiveCfg = Debug|Any CPU
		{2FB3ABB9-7626-4D8E-95C8-F1293218ADC7}.Debug|Any CPU.Build.0 = Debug|Any CPU
		{2FB3ABB9-7626-4D8E-95C8-F1293218ADC7}.Release|Any CPU.ActiveCfg = Release|Any CPU
		{2FB3ABB9-7626-4D8E-95C8-F1293218ADC7}.Release|Any CPU.Build.0 = Release|Any CPU
		{C3923D36-CAD1-4E52-99E0-BC551382C3FD}.Debug|Any CPU.ActiveCfg = Debug|Any CPU
		{C3923D36-CAD1-4E52-99E0-BC551382C3FD}.Debug|Any CPU.Build.0 = Debug|Any CPU
		{C3923D36-CAD1-4E52-99E0-BC551382C3FD}.Release|Any CPU.ActiveCfg = Release|Any CPU
		{C3923D36-CAD1-4E52-99E0-BC551382C3FD}.Release|Any CPU.Build.0 = Release|Any CPU
	EndGlobalSection
	GlobalSection(SolutionProperties) = preSolution
		HideSolutionNode = FALSE
	EndGlobalSection
	GlobalSection(NestedProjects) = preSolution
		{8E13D7B0-D441-4CDD-A52B-FD2A40755C43} = {7E8872CF-1263-44FE-B4E4-C8B9B8BB490A}
		{9D0A3D4E-99B0-4942-A0E6-54ED8E5415D9} = {2869BE08-F230-4AAB-AE33-6A9B19F6FBB9}
		{2FB3ABB9-7626-4D8E-95C8-F1293218ADC7} = {2869BE08-F230-4AAB-AE33-6A9B19F6FBB9}
		{C3923D36-CAD1-4E52-99E0-BC551382C3FD} = {9728CCE2-00AE-4C06-A5C0-75C52C0FEF6B}
	EndGlobalSection
EndGlobal
